{
  "name": "1a089ac50f181916",
  "lockfileVersion": 3,
  "requires": true,
  "packages": {
    "": {
      "dependencies": {
        "modern-web-guidance": "^0.0.177"
      }
    },
    "node_modules/modern-web-guidance": {
      "version": "0.0.177",
      "resolved": "https://registry.npmjs.org/modern-web-guidance/-/modern-web-guidance-0.0.177.tgz",
      "integrity": "sha512-5sCgsh3UcflulPhnnyF/xQj/BSig2Fuw+cdaA1xNzcZfyrHKXSXvz7jxbiM2j8OA80kAhLH6wN9UlHN8PdRX0w==",
      "license": "Apache-2.0",
      "bin": {
        "modern-web-guidance": "skills/modern-web-guidance/modern-web.mjs"
      },
      "engines": {
        "node": ">=20.0.0",
        "vscode": "^1.90.0"
      }
    }
  }
}
